
Microsoft Visual Studio Solution File, Format Version 12.00
# Visual Studio 14
VisualStudioVersion = 14.0.25420.1
MinimumVisualStudioVersion = 10.0.40219.1
Project("{FAE04EC0-301F-11D3-BF4B-00C04F79EFBC}") = "EventHandler", "EventHandler\EventHandler.csproj", "{BB120D6B-5145-47C6-B57B-8DC6097D826F}"
EndProject
Project("{FAE04EC0-301F-11D3-BF4B-00C04F79EFBC}") = "ModelExtension", "ModelExtension\ModelExtension.csproj", "{0EF11782-D06F-4A20-982E-830B81A79076}"
EndProject
Project("{2150E333-8FDC-42A3-9474-1A3956D46DE8}") = "Libraries", "Libraries", "{A40D8C45-149D-4C48-A367-E276DC5D3C8E}"
	ProjectSection(SolutionItems) = preProject
		Libraries\Newtonsoft.Json.dll = Libraries\Newtonsoft.Json.dll
		Libraries\Tridion.Common.dll = Libraries\Tridion.Common.dll
		Libraries\Tridion.ContentManager.Common.dll = Libraries\Tridion.ContentManager.Common.dll
		Libraries\Tridion.ContentManager.dll = Libraries\Tridion.ContentManager.dll
		Libraries\Tridion.ContentManager.Publishing.dll = Libraries\Tridion.ContentManager.Publishing.dll
	EndProjectSection
EndProject
Global
	GlobalSection(SolutionConfigurationPlatforms) = preSolution
		Debug|Any CPU = Debug|Any CPU
		Release|Any CPU = Release|Any CPU
	EndGlobalSection
	GlobalSection(ProjectConfigurationPlatforms) = postSolution
		{BB120D6B-5145-47C6-B57B-8DC6097D826F}.Debug|Any CPU.ActiveCfg = Debug|Any CPU
		{BB120D6B-5145-47C6-B57B-8DC6097D826F}.Debug|Any CPU.Build.0 = Debug|Any CPU
		{BB120D6B-5145-47C6-B57B-8DC6097D826F}.Release|Any CPU.ActiveCfg = Release|Any CPU
		{BB120D6B-5145-47C6-B57B-8DC6097D826F}.Release|Any CPU.Build.0 = Release|Any CPU
		{0EF11782-D06F-4A20-982E-830B81A79076}.Debug|Any CPU.ActiveCfg = Debug|Any CPU
		{0EF11782-D06F-4A20-982E-830B81A79076}.Debug|Any CPU.Build.0 = Debug|Any CPU
		{0EF11782-D06F-4A20-982E-830B81A79076}.Release|Any CPU.ActiveCfg = Release|Any CPU
		{0EF11782-D06F-4A20-982E-830B81A79076}.Release|Any CPU.Build.0 = Release|Any CPU
	EndGlobalSection
	GlobalSection(SolutionProperties) = preSolution
		HideSolutionNode = FALSE
	EndGlobalSection
EndGlobal
