
Microsoft Visual Studio Solution File, Format Version 12.00
# Visual Studio 14
VisualStudioVersion = 14.0.25420.1
MinimumVisualStudioVersion = 10.0.40219.1
Project("{FAE04EC0-301F-11D3-BF4B-00C04F79EFBC}") = "PublishTransactionNotification", "PublishTransactionNotification\PublishTransactionNotification.csproj", "{3EC647F4-CDB0-41B7-A4D4-F9DE3ADB1FC9}"
EndProject
Global
	GlobalSection(SolutionConfigurationPlatforms) = preSolution
		Debug|Any CPU = Debug|Any CPU
		Release|Any CPU = Release|Any CPU
	EndGlobalSection
	GlobalSection(ProjectConfigurationPlatforms) = postSolution
		{3EC647F4-CDB0-41B7-A4D4-F9DE3ADB1FC9}.Debug|Any CPU.ActiveCfg = Debug|Any CPU
		{3EC647F4-CDB0-41B7-A4D4-F9DE3ADB1FC9}.Debug|Any CPU.Build.0 = Debug|Any CPU
		{3EC647F4-CDB0-41B7-A4D4-F9DE3ADB1FC9}.Release|Any CPU.ActiveCfg = Release|Any CPU
		{3EC647F4-CDB0-41B7-A4D4-F9DE3ADB1FC9}.Release|Any CPU.Build.0 = Release|Any CPU
	EndGlobalSection
	GlobalSection(SolutionProperties) = preSolution
		HideSolutionNode = FALSE
	EndGlobalSection
EndGlobal
